{
  "requires": true,
  "lockfileVersion": 1,
  "dependencies": {
    "@tarikjabiri/dxf": {
      "version": "2.8.6",
      "resolved": "https://registry.npmjs.org/@tarikjabiri/dxf/-/dxf-2.8.6.tgz",
      "integrity": "sha512-27fGSR0E0VvN8FFSbIuffEPi9F7VpKb3vHuAEa6rQhTTv3XBSI4vw4cKVcB/f24kFu5QSC/XoBqoafSWzUE+nQ=="
    },
    "p5": {
      "version": "1.6.0",
      "resolved": "https://registry.npmjs.org/p5/-/p5-1.6.0.tgz",
      "integrity": "sha512-RowF+RxfVUhJm/YKXL5TCFzTqnwAIwK6W1VGs9LAqSf3PCmLz9Igbxzlf0Ry5IMV71L42wipCdH/bDiNsqAstA=="
    },
    "perlin-simplex": {
      "version": "0.0.3",
      "resolved": "https://registry.npmjs.org/perlin-simplex/-/perlin-simplex-0.0.3.tgz",
      "integrity": "sha512-fhLYrvCVxYlvStYUCZ2z0pWkrJX+PcfRvtTRbvegN3GxIEiOPmBbFFr0Uk2MJxqmjVrgnHuFQBcmyDQJ/kMp/w=="
    }
  }
}
